
Microsoft Visual Studio Solution File, Format Version 12.00
Project("{FAE04EC0-301F-11D3-BF4B-00C04F79EFBC}") = "TypePattern", "TypePattern\TypePattern.csproj", "{B2FD070B-1462-45CD-8FB8-19039DFFC9EF}"
EndProject
Project("{FAE04EC0-301F-11D3-BF4B-00C04F79EFBC}") = "TypePatternTests", "TypePatternTests\TypePatternTests.csproj", "{4A6751DA-6FB6-42AA-9270-CE2BAEBB93D8}"
EndProject
Global
	GlobalSection(SolutionConfigurationPlatforms) = preSolution
		Debug|Any CPU = Debug|Any CPU
		Release|Any CPU = Release|Any CPU
	EndGlobalSection
	GlobalSection(ProjectConfigurationPlatforms) = postSolution
		{B2FD070B-1462-45CD-8FB8-19039DFFC9EF}.Debug|Any CPU.ActiveCfg = Debug|Any CPU
		{B2FD070B-1462-45CD-8FB8-19039DFFC9EF}.Debug|Any CPU.Build.0 = Debug|Any CPU
		{B2FD070B-1462-45CD-8FB8-19039DFFC9EF}.Release|Any CPU.ActiveCfg = Release|Any CPU
		{B2FD070B-1462-45CD-8FB8-19039DFFC9EF}.Release|Any CPU.Build.0 = Release|Any CPU
		{4A6751DA-6FB6-42AA-9270-CE2BAEBB93D8}.Debug|Any CPU.ActiveCfg = Debug|Any CPU
		{4A6751DA-6FB6-42AA-9270-CE2BAEBB93D8}.Debug|Any CPU.Build.0 = Debug|Any CPU
		{4A6751DA-6FB6-42AA-9270-CE2BAEBB93D8}.Release|Any CPU.ActiveCfg = Release|Any CPU
		{4A6751DA-6FB6-42AA-9270-CE2BAEBB93D8}.Release|Any CPU.Build.0 = Release|Any CPU
	EndGlobalSection
EndGlobal
